// !$*UTF8*$!
{
	archiveVersion = 1;
	classes = {
	};
	objectVersion = 51;
	objects = {

/* Begin PBXBuildFile section */
		3C3E8E9727B45BE800BA5E0F /* NotificationService.m in Sources */ = {isa = PBXBuildFile; fileRef = 3C3E8E9627B45BE800BA5E0F /* NotificationService.m */; };
		3C3E8E9B27B45BE800BA5E0F /* OneSignalNotificationServiceExtension.appex in Embed App Extensions */ = {isa = PBXBuildFile; fileRef = 3C3E8E9327B45BE800BA5E0F /* OneSignalNotificationServiceExtension.appex */; settings = {ATTRIBUTES = (RemoveHeadersOnCopy, ); }; };
		3C74FE452695544B00F4B67F /* AppDelegate.m in Sources */ = {isa = PBXBuildFile; fileRef = 3C74FE442695544B00F4B67F /* AppDelegate.m */; };
		3C74FE482695544B00F4B67F /* SceneDelegate.m in Sources */ = {isa = PBXBuildFile; fileRef = 3C74FE472695544B00F4B67F /* SceneDelegate.m */; };
		3C74FE4B2695544B00F4B67F /* ViewController.m in Sources */ = {isa = PBXBuildFile; fileRef = 3C74FE4A2695544B00F4B67F /* ViewController.m */; };
		3C74FE4E2695544B00F4B67F /* Main.storyboard in Resources */ = {isa = PBXBuildFile; fileRef = 3C74FE4C2695544B00F4B67F /* Main.storyboard */; };
		3C74FE502695544D00F4B67F /* Assets.xcassets in Resources */ = {isa = PBXBuildFile; fileRef = 3C74FE4F2695544D00F4B67F /* Assets.xcassets */; };
		3C74FE532695544D00F4B67F /* LaunchScreen.storyboard in Resources */ = {isa = PBXBuildFile; fileRef = 3C74FE512695544D00F4B67F /* LaunchScreen.storyboard */; };
		3C74FE562695544D00F4B67F /* main.m in Sources */ = {isa = PBXBuildFile; fileRef = 3C74FE552695544D00F4B67F /* main.m */; };
		7E573A9145CD6E8629F0AEA4 /* Pods_MyFirstObjectiveCApp.framework in Frameworks */ = {isa = PBXBuildFile; fileRef = 81914EC3D446BAFB22CD1B64 /* Pods_MyFirstObjectiveCApp.framework */; };
		9E6D0233F97AF832674BDD53 /* Pods_OneSignalNotificationServiceExtension.framework in Frameworks */ = {isa = PBXBuildFile; fileRef = 3DA8CE30DD34DB2A4F946664 /* Pods_OneSignalNotificationServiceExtension.framework */; };
/* End PBXBuildFile section */

/* Begin PBXContainerItemProxy section */
		3C3E8E9927B45BE800BA5E0F /* PBXContainerItemProxy */ = {
			isa = PBXContainerItemProxy;
			containerPortal = 3C74FE382695544B00F4B67F /* Project object */;
			proxyType = 1;
			remoteGlobalIDString = 3C3E8E9227B45BE800BA5E0F;
			remoteInfo = OneSignalNotificationServiceExtension;
		};
/* End PBXContainerItemProxy section */

/* Begin PBXCopyFilesBuildPhase section */
		3C3E8E9C27B45BE900BA5E0F /* Embed App Extensions */ = {
			isa = PBXCopyFilesBuildPhase;
			buildActionMask = 2147483647;
			dstPath = "";
			dstSubfolderSpec = 13;
			files = (
				3C3E8E9B27B45BE800BA5E0F /* OneSignalNotificationServiceExtension.appex in Embed App Extensions */,
			);
			name = "Embed App Extensions";
			runOnlyForDeploymentPostprocessing = 0;
		};
/* End PBXCopyFilesBuildPhase section */

/* Begin PBXFileReference section */
		3C3E8E9327B45BE800BA5E0F /* OneSignalNotificationServiceExtension.appex */ = {isa = PBXFileReference; explicitFileType = "wrapper.app-extension"; includeInIndex = 0; path = OneSignalNotificationServiceExtension.appex; sourceTree = BUILT_PRODUCTS_DIR; };
		3C3E8E9527B45BE800BA5E0F /* NotificationService.h */ = {isa = PBXFileReference; lastKnownFileType = sourcecode.c.h; path = NotificationService.h; sourceTree = "<group>"; };
		3C3E8E9627B45BE800BA5E0F /* NotificationService.m */ = {isa = PBXFileReference; lastKnownFileType = sourcecode.c.objc; path = NotificationService.m; sourceTree = "<group>"; };
		3C3E8E9827B45BE800BA5E0F /* Info.plist */ = {isa = PBXFileReference; lastKnownFileType = text.plist.xml; path = Info.plist; sourceTree = "<group>"; };
		3C3E8EA027B46D2D00BA5E0F /* MyFirstObjectiveCApp.entitlements */ = {isa = PBXFileReference; lastKnownFileType = text.plist.entitlements; path = MyFirstObjectiveCApp.entitlements; sourceTree = "<group>"; };
		3C74FE402695544B00F4B67F /* MyFirstObjectiveCApp.app */ = {isa = PBXFileReference; explicitFileType = wrapper.application; includeInIndex = 0; path = MyFirstObjectiveCApp.app; sourceTree = BUILT_PRODUCTS_DIR; };
		3C74FE432695544B00F4B67F /* AppDelegate.h */ = {isa = PBXFileReference; lastKnownFileType = sourcecode.c.h; path = AppDelegate.h; sourceTree = "<group>"; };
		3C74FE442695544B00F4B67F /* AppDelegate.m */ = {isa = PBXFileReference; lastKnownFileType = sourcecode.c.objc; path = AppDelegate.m; sourceTree = "<group>"; };
		3C74FE462695544B00F4B67F /* SceneDelegate.h */ = {isa = PBXFileReference; lastKnownFileType = sourcecode.c.h; path = SceneDelegate.h; sourceTree = "<group>"; };
		3C74FE472695544B00F4B67F /* SceneDelegate.m */ = {isa = PBXFileReference; lastKnownFileType = sourcecode.c.objc; path = SceneDelegate.m; sourceTree = "<group>"; };
		3C74FE492695544B00F4B67F /* ViewController.h */ = {isa = PBXFileReference; lastKnownFileType = sourcecode.c.h; path = ViewController.h; sourceTree = "<group>"; };
		3C74FE4A2695544B00F4B67F /* ViewController.m */ = {isa = PBXFileReference; lastKnownFileType = sourcecode.c.objc; path = ViewController.m; sourceTree = "<group>"; };
		3C74FE4D2695544B00F4B67F /* Base */ = {isa = PBXFileReference; lastKnownFileType = file.storyboard; name = Base; path = Base.lproj/Main.storyboard; sourceTree = "<group>"; };
		3C74FE4F2695544D00F4B67F /* Assets.xcassets */ = {isa = PBXFileReference; lastKnownFileType = folder.assetcatalog; path = Assets.xcassets; sourceTree = "<group>"; };
		3C74FE522695544D00F4B67F /* Base */ = {isa = PBXFileReference; lastKnownFileType = file.storyboard; name = Base; path = Base.lproj/LaunchScreen.storyboard; sourceTree = "<group>"; };
		3C74FE542695544D00F4B67F /* Info.plist */ = {isa = PBXFileReference; lastKnownFileType = text.plist.xml; path = Info.plist; sourceTree = "<group>"; };
		3C74FE552695544D00F4B67F /* main.m */ = {isa = PBXFileReference; lastKnownFileType = sourcecode.c.objc; path = main.m; sourceTree = "<group>"; };
		3DA8CE30DD34DB2A4F946664 /* Pods_OneSignalNotificationServiceExtension.framework */ = {isa = PBXFileReference; explicitFileType = wrapper.framework; includeInIndex = 0; path = Pods_OneSignalNotificationServiceExtension.framework; sourceTree = BUILT_PRODUCTS_DIR; };
		63C86438E824946763F02517 /* Pods-OneSignalNotificationServiceExtension.release.xcconfig */ = {isa = PBXFileReference; includeInIndex = 1; lastKnownFileType = text.xcconfig; name = "Pods-OneSignalNotificationServiceExtension.release.xcconfig"; path = "Target Support Files/Pods-OneSignalNotificationServiceExtension/Pods-OneSignalNotificationServiceExtension.release.xcconfig"; sourceTree = "<group>"; };
		81914EC3D446BAFB22CD1B64 /* Pods_MyFirstObjectiveCApp.framework */ = {isa = PBXFileReference; explicitFileType = wrapper.framework; includeInIndex = 0; path = Pods_MyFirstObjectiveCApp.framework; sourceTree = BUILT_PRODUCTS_DIR; };
		B55D3DF9A759617870D11D5D /* Pods-MyFirstObjectiveCApp.debug.xcconfig */ = {isa = PBXFileReference; includeInIndex = 1; lastKnownFileType = text.xcconfig; name = "Pods-MyFirstObjectiveCApp.debug.xcconfig"; path = "Target Support Files/Pods-MyFirstObjectiveCApp/Pods-MyFirstObjectiveCApp.debug.xcconfig"; sourceTree = "<group>"; };
		BF5025F4C02032BF098B5132 /* Pods-MyFirstObjectiveCApp.release.xcconfig */ = {isa = PBXFileReference; includeInIndex = 1; lastKnownFileType = text.xcconfig; name = "Pods-MyFirstObjectiveCApp.release.xcconfig"; path = "Target Support Files/Pods-MyFirstObjectiveCApp/Pods-MyFirstObjectiveCApp.release.xcconfig"; sourceTree = "<group>"; };
		DCADABF16588B8DEC9406CFA /* Pods-OneSignalNotificationServiceExtension.debug.xcconfig */ = {isa = PBXFileReference; includeInIndex = 1; lastKnownFileType = text.xcconfig; name = "Pods-OneSignalNotificationServiceExtension.debug.xcconfig"; path = "Target Support Files/Pods-OneSignalNotificationServiceExtension/Pods-OneSignalNotificationServiceExtension.debug.xcconfig"; sourceTree = "<group>"; };
/* End PBXFileReference section */

/* Begin PBXFrameworksBuildPhase section */
		3C3E8E9027B45BE800BA5E0F /* Frameworks */ = {
			isa = PBXFrameworksBuildPhase;
			buildActionMask = 2147483647;
			files = (
				9E6D0233F97AF832674BDD53 /* Pods_OneSignalNotificationServiceExtension.framework in Frameworks */,
			);
			runOnlyForDeploymentPostprocessing = 0;
		};
		3C74FE3D2695544B00F4B67F /* Frameworks */ = {
			isa = PBXFrameworksBuildPhase;
			buildActionMask = 2147483647;
			files = (
				7E573A9145CD6E8629F0AEA4 /* Pods_MyFirstObjectiveCApp.framework in Frameworks */,
			);
			runOnlyForDeploymentPostprocessing = 0;
		};
/* End PBXFrameworksBuildPhase section */

/* Begin PBXGroup section */
		3C3E8E9427B45BE800BA5E0F /* OneSignalNotificationServiceExtension */ = {
			isa = PBXGroup;
			children = (
				3C3E8E9527B45BE800BA5E0F /* NotificationService.h */,
				3C3E8E9627B45BE800BA5E0F /* NotificationService.m */,
				3C3E8E9827B45BE800BA5E0F /* Info.plist */,
			);
			path = OneSignalNotificationServiceExtension;
			sourceTree = "<group>";
		};
		3C74FE372695544B00F4B67F = {
			isa = PBXGroup;
			children = (
				3C74FE422695544B00F4B67F /* MyFirstObjectiveCApp */,
				3C3E8E9427B45BE800BA5E0F /* OneSignalNotificationServiceExtension */,
				3C74FE412695544B00F4B67F /* Products */,
				472368AAC8DE2DD75503ED8E /* Pods */,
				E77FB81622AFF4878F89C782 /* Frameworks */,
			);
			sourceTree = "<group>";
		};
		3C74FE412695544B00F4B67F /* Products */ = {
			isa = PBXGroup;
			children = (
				3C74FE402695544B00F4B67F /* MyFirstObjectiveCApp.app */,
				3C3E8E9327B45BE800BA5E0F /* OneSignalNotificationServiceExtension.appex */,
			);
			name = Products;
			sourceTree = "<group>";
		};
		3C74FE422695544B00F4B67F /* MyFirstObjectiveCApp */ = {
			isa = PBXGroup;
			children = (
				3C3E8EA027B46D2D00BA5E0F /* MyFirstObjectiveCApp.entitlements */,
				3C74FE432695544B00F4B67F /* AppDelegate.h */,
				3C74FE442695544B00F4B67F /* AppDelegate.m */,
				3C74FE462695544B00F4B67F /* SceneDelegate.h */,
				3C74FE472695544B00F4B67F /* SceneDelegate.m */,
				3C74FE492695544B00F4B67F /* ViewController.h */,
				3C74FE4A2695544B00F4B67F /* ViewController.m */,
				3C74FE4C2695544B00F4B67F /* Main.storyboard */,
				3C74FE4F2695544D00F4B67F /* Assets.xcassets */,
				3C74FE512695544D00F4B67F /* LaunchScreen.storyboard */,
				3C74FE542695544D00F4B67F /* Info.plist */,
				3C74FE552695544D00F4B67F /* main.m */,
			);
			path = MyFirstObjectiveCApp;
			sourceTree = "<group>";
		};
		472368AAC8DE2DD75503ED8E /* Pods */ = {
			isa = PBXGroup;
			children = (
				B55D3DF9A759617870D11D5D /* Pods-MyFirstObjectiveCApp.debug.xcconfig */,
				BF5025F4C02032BF098B5132 /* Pods-MyFirstObjectiveCApp.release.xcconfig */,
				DCADABF16588B8DEC9406CFA /* Pods-OneSignalNotificationServiceExtension.debug.xcconfig */,
				63C86438E824946763F02517 /* Pods-OneSignalNotificationServiceExtension.release.xcconfig */,
			);
			path = Pods;
			sourceTree = "<group>";
		};
		E77FB81622AFF4878F89C782 /* Frameworks */ = {
			isa = PBXGroup;
			children = (
				81914EC3D446BAFB22CD1B64 /* Pods_MyFirstObjectiveCApp.framework */,
				3DA8CE30DD34DB2A4F946664 /* Pods_OneSignalNotificationServiceExtension.framework */,
			);
			name = Frameworks;
			sourceTree = "<group>";
		};
/* End PBXGroup section */

/* Begin PBXNativeTarget section */
		3C3E8E9227B45BE800BA5E0F /* OneSignalNotificationServiceExtension */ = {
			isa = PBXNativeTarget;
			buildConfigurationList = 3C3E8E9F27B45BE900BA5E0F /* Build configuration list for PBXNativeTarget "OneSignalNotificationServiceExtension" */;
			buildPhases = (
				4D9A6A7546188B6172D86EE9 /* [CP] Check Pods Manifest.lock */,
				3C3E8E8F27B45BE800BA5E0F /* Sources */,
				3C3E8E9027B45BE800BA5E0F /* Frameworks */,
				3C3E8E9127B45BE800BA5E0F /* Resources */,
			);
			buildRules = (
			);
			dependencies = (
			);
			name = OneSignalNotificationServiceExtension;
			productName = OneSignalNotificationServiceExtension;
			productReference = 3C3E8E9327B45BE800BA5E0F /* OneSignalNotificationServiceExtension.appex */;
			productType = "com.apple.product-type.app-extension";
		};
		3C74FE3F2695544B00F4B67F /* MyFirstObjectiveCApp */ = {
			isa = PBXNativeTarget;
			buildConfigurationList = 3C74FE592695544D00F4B67F /* Build configuration list for PBXNativeTarget "MyFirstObjectiveCApp" */;
			buildPhases = (
				92A581F773F85E2CA74FE2CB /* [CP] Check Pods Manifest.lock */,
				3C74FE3C2695544B00F4B67F /* Sources */,
				3C74FE3D2695544B00F4B67F /* Frameworks */,
				3C74FE3E2695544B00F4B67F /* Resources */,
				3C3E8E9C27B45BE900BA5E0F /* Embed App Extensions */,
				4986B0888AD6867AD0F10623 /* [CP] Embed Pods Frameworks */,
			);
			buildRules = (
			);
			dependencies = (
				3C3E8E9A27B45BE800BA5E0F /* PBXTargetDependency */,
			);
			name = MyFirstObjectiveCApp;
			productName = MyFirstObjectiveCApp;
			productReference = 3C74FE402695544B00F4B67F /* MyFirstObjectiveCApp.app */;
			productType = "com.apple.product-type.application";
		};
/* End PBXNativeTarget section */

/* Begin PBXProject section */
		3C74FE382695544B00F4B67F /* Project object */ = {
			isa = PBXProject;
			attributes = {
				LastUpgradeCheck = 1250;
				TargetAttributes = {
					3C3E8E9227B45BE800BA5E0F = {
						CreatedOnToolsVersion = 13.2.1;
					};
					3C74FE3F2695544B00F4B67F = {
						CreatedOnToolsVersion = 12.5;
					};
				};
			};
			buildConfigurationList = 3C74FE3B2695544B00F4B67F /* Build configuration list for PBXProject "MyFirstObjectiveCApp" */;
			compatibilityVersion = "Xcode 9.3";
			developmentRegion = en;
			hasScannedForEncodings = 0;
			knownRegions = (
				en,
				Base,
			);
			mainGroup = 3C74FE372695544B00F4B67F;
			productRefGroup = 3C74FE412695544B00F4B67F /* Products */;
			projectDirPath = "";
			projectRoot = "";
			targets = (
				3C74FE3F2695544B00F4B67F /* MyFirstObjectiveCApp */,
				3C3E8E9227B45BE800BA5E0F /* OneSignalNotificationServiceExtension */,
			);
		};
/* End PBXProject section */

/* Begin PBXResourcesBuildPhase section */
		3C3E8E9127B45BE800BA5E0F /* Resources */ = {
			isa = PBXResourcesBuildPhase;
			buildActionMask = 2147483647;
			files = (
			);
			runOnlyForDeploymentPostprocessing = 0;
		};
		3C74FE3E2695544B00F4B67F /* Resources */ = {
			isa = PBXResourcesBuildPhase;
			buildActionMask = 2147483647;
			files = (
				3C74FE532695544D00F4B67F /* LaunchScreen.storyboard in Resources */,
				3C74FE502695544D00F4B67F /* Assets.xcassets in Resources */,
				3C74FE4E2695544B00F4B67F /* Main.storyboard in Resources */,
			);
			runOnlyForDeploymentPostprocessing = 0;
		};
/* End PBXResourcesBuildPhase section */

/* Begin PBXShellScriptBuildPhase section */
		4986B0888AD6867AD0F10623 /* [CP] Embed Pods Frameworks */ = {
			isa = PBXShellScriptBuildPhase;
			buildActionMask = 2147483647;
			files = (
			);
			inputFileListPaths = (
				"${PODS_ROOT}/Target Support Files/Pods-MyFirstObjectiveCApp/Pods-MyFirstObjectiveCApp-frameworks-${CONFIGURATION}-input-files.xcfilelist",
			);
			name = "[CP] Embed Pods Frameworks";
			outputFileListPaths = (
				"${PODS_ROOT}/Target Support Files/Pods-MyFirstObjectiveCApp/Pods-MyFirstObjectiveCApp-frameworks-${CONFIGURATION}-output-files.xcfilelist",
			);
			runOnlyForDeploymentPostprocessing = 0;
			shellPath = /bin/sh;
			shellScript = "\"${PODS_ROOT}/Target Support Files/Pods-MyFirstObjectiveCApp/Pods-MyFirstObjectiveCApp-frameworks.sh\"\n";
			showEnvVarsInLog = 0;
		};
		4D9A6A7546188B6172D86EE9 /* [CP] Check Pods Manifest.lock */ = {
			isa = PBXShellScriptBuildPhase;
			buildActionMask = 2147483647;
			files = (
			);
			inputFileListPaths = (
			);
			inputPaths = (
				"${PODS_PODFILE_DIR_PATH}/Podfile.lock",
				"${PODS_ROOT}/Manifest.lock",
			);
			name = "[CP] Check Pods Manifest.lock";
			outputFileListPaths = (
			);
			outputPaths = (
				"$(DERIVED_FILE_DIR)/Pods-OneSignalNotificationServiceExtension-checkManifestLockResult.txt",
			);
			runOnlyForDeploymentPostprocessing = 0;
			shellPath = /bin/sh;
			shellScript = "diff \"${PODS_PODFILE_DIR_PATH}/Podfile.lock\" \"${PODS_ROOT}/Manifest.lock\" > /dev/null\nif [ $? != 0 ] ; then\n    # print error to STDERR\n    echo \"error: The sandbox is not in sync with the Podfile.lock. Run 'pod install' or update your CocoaPods installation.\" >&2\n    exit 1\nfi\n# This output is used by Xcode 'outputs' to avoid re-running this script phase.\necho \"SUCCESS\" > \"${SCRIPT_OUTPUT_FILE_0}\"\n";
			showEnvVarsInLog = 0;
		};
		92A581F773F85E2CA74FE2CB /* [CP] Check Pods Manifest.lock */ = {
			isa = PBXShellScriptBuildPhase;
			buildActionMask = 2147483647;
			files = (
			);
			inputFileListPaths = (
			);
			inputPaths = (
				"${PODS_PODFILE_DIR_PATH}/Podfile.lock",
				"${PODS_ROOT}/Manifest.lock",
			);
			name = "[CP] Check Pods Manifest.lock";
			outputFileListPaths = (
			);
			outputPaths = (
				"$(DERIVED_FILE_DIR)/Pods-MyFirstObjectiveCApp-checkManifestLockResult.txt",
			);
			runOnlyForDeploymentPostprocessing = 0;
			shellPath = /bin/sh;
			shellScript = "diff \"${PODS_PODFILE_DIR_PATH}/Podfile.lock\" \"${PODS_ROOT}/Manifest.lock\" > /dev/null\nif [ $? != 0 ] ; then\n    # print error to STDERR\n    echo \"error: The sandbox is not in sync with the Podfile.lock. Run 'pod install' or update your CocoaPods installation.\" >&2\n    exit 1\nfi\n# This output is used by Xcode 'outputs' to avoid re-running this script phase.\necho \"SUCCESS\" > \"${SCRIPT_OUTPUT_FILE_0}\"\n";
			showEnvVarsInLog = 0;
		};
/* End PBXShellScriptBuildPhase section */

/* Begin PBXSourcesBuildPhase section */
		3C3E8E8F27B45BE800BA5E0F /* Sources */ = {
			isa = PBXSourcesBuildPhase;
			buildActionMask = 2147483647;
			files = (
				3C3E8E9727B45BE800BA5E0F /* NotificationService.m in Sources */,
			);
			runOnlyForDeploymentPostprocessing = 0;
		};
		3C74FE3C2695544B00F4B67F /* Sources */ = {
			isa = PBXSourcesBuildPhase;
			buildActionMask = 2147483647;
			files = (
				3C74FE4B2695544B00F4B67F /* ViewController.m in Sources */,
				3C74FE452695544B00F4B67F /* AppDelegate.m in Sources */,
				3C74FE562695544D00F4B67F /* main.m in Sources */,
				3C74FE482695544B00F4B67F /* SceneDelegate.m in Sources */,
			);
			runOnlyForDeploymentPostprocessing = 0;
		};
/* End PBXSourcesBuildPhase section */

/* Begin PBXTargetDependency section */
		3C3E8E9A27B45BE800BA5E0F /* PBXTargetDependency */ = {
			isa = PBXTargetDependency;
			target = 3C3E8E9227B45BE800BA5E0F /* OneSignalNotificationServiceExtension */;
			targetProxy = 3C3E8E9927B45BE800BA5E0F /* PBXContainerItemProxy */;
		};
/* End PBXTargetDependency section */

/* Begin PBXVariantGroup section */
		3C74FE4C2695544B00F4B67F /* Main.storyboard */ = {
			isa = PBXVariantGroup;
			children = (
				3C74FE4D2695544B00F4B67F /* Base */,
			);
			name = Main.storyboard;
			sourceTree = "<group>";
		};
		3C74FE512695544D00F4B67F /* LaunchScreen.storyboard */ = {
			isa = PBXVariantGroup;
			children = (
				3C74FE522695544D00F4B67F /* Base */,
			);
			name = LaunchScreen.storyboard;
			sourceTree = "<group>";
		};
/* End PBXVariantGroup section */

/* Begin XCBuildConfiguration section */
		3C3E8E9D27B45BE900BA5E0F /* Debug */ = {
			isa = XCBuildConfiguration;
			baseConfigurationReference = DCADABF16588B8DEC9406CFA /* Pods-OneSignalNotificationServiceExtension.debug.xcconfig */;
			buildSettings = {
				CLANG_CXX_LANGUAGE_STANDARD = "gnu++17";
				CODE_SIGN_STYLE = Automatic;
				CURRENT_PROJECT_VERSION = 1;
				GENERATE_INFOPLIST_FILE = YES;
				INFOPLIST_FILE = OneSignalNotificationServiceExtension/Info.plist;
				INFOPLIST_KEY_CFBundleDisplayName = OneSignalNotificationServiceExtension;
				INFOPLIST_KEY_NSHumanReadableCopyright = "";
				IPHONEOS_DEPLOYMENT_TARGET = 10.0;
				LD_RUNPATH_SEARCH_PATHS = (
					"$(inherited)",
					"@executable_path/Frameworks",
					"@executable_path/../../Frameworks",
				);
				MARKETING_VERSION = 1.0;
				PRODUCT_BUNDLE_IDENTIFIER = site.nanli.MyFirstObjectiveCApp.OneSignalNotificationServiceExtension;
				PRODUCT_NAME = "$(TARGET_NAME)";
				SKIP_INSTALL = YES;
				SWIFT_EMIT_LOC_STRINGS = YES;
				TARGETED_DEVICE_FAMILY = "1,2";
			};
			name = Debug;
		};
		3C3E8E9E27B45BE900BA5E0F /* Release */ = {
			isa = XCBuildConfiguration;
			baseConfigurationReference = 63C86438E824946763F02517 /* Pods-OneSignalNotificationServiceExtension.release.xcconfig */;
			buildSettings = {
				CLANG_CXX_LANGUAGE_STANDARD = "gnu++17";
				CODE_SIGN_STYLE = Automatic;
				CURRENT_PROJECT_VERSION = 1;
				GENERATE_INFOPLIST_FILE = YES;
				INFOPLIST_FILE = OneSignalNotificationServiceExtension/Info.plist;
				INFOPLIST_KEY_CFBundleDisplayName = OneSignalNotificationServiceExtension;
				INFOPLIST_KEY_NSHumanReadableCopyright = "";
				IPHONEOS_DEPLOYMENT_TARGET = 10.0;
				LD_RUNPATH_SEARCH_PATHS = (
					"$(inherited)",
					"@executable_path/Frameworks",
					"@executable_path/../../Frameworks",
				);
				MARKETING_VERSION = 1.0;
				PRODUCT_BUNDLE_IDENTIFIER = site.nanli.MyFirstObjectiveCApp.OneSignalNotificationServiceExtension;
				PRODUCT_NAME = "$(TARGET_NAME)";
				SKIP_INSTALL = YES;
				SWIFT_EMIT_LOC_STRINGS = YES;
				TARGETED_DEVICE_FAMILY = "1,2";
			};
			name = Release;
		};
		3C74FE572695544D00F4B67F /* Debug */ = {
			isa = XCBuildConfiguration;
			buildSettings = {
				ALWAYS_SEARCH_USER_PATHS = NO;
				CLANG_ANALYZER_NONNULL = YES;
				CLANG_ANALYZER_NUMBER_OBJECT_CONVERSION = YES_AGGRESSIVE;
				CLANG_CXX_LANGUAGE_STANDARD = "gnu++14";
				CLANG_CXX_LIBRARY = "libc++";
				CLANG_ENABLE_MODULES = YES;
				CLANG_ENABLE_OBJC_ARC = YES;
				CLANG_ENABLE_OBJC_WEAK = YES;
				CLANG_WARN_BLOCK_CAPTURE_AUTORELEASING = YES;
				CLANG_WARN_BOOL_CONVERSION = YES;
				CLANG_WARN_COMMA = YES;
				CLANG_WARN_CONSTANT_CONVERSION = YES;
				CLANG_WARN_DEPRECATED_OBJC_IMPLEMENTATIONS = YES;
				CLANG_WARN_DIRECT_OBJC_ISA_USAGE = YES_ERROR;
				CLANG_WARN_DOCUMENTATION_COMMENTS = YES;
				CLANG_WARN_EMPTY_BODY = YES;
				CLANG_WARN_ENUM_CONVERSION = YES;
				CLANG_WARN_INFINITE_RECURSION = YES;
				CLANG_WARN_INT_CONVERSION = YES;
				CLANG_WARN_NON_LITERAL_NULL_CONVERSION = YES;
				CLANG_WARN_OBJC_IMPLICIT_RETAIN_SELF = YES;
				CLANG_WARN_OBJC_LITERAL_CONVERSION = YES;
				CLANG_WARN_OBJC_ROOT_CLASS = YES_ERROR;
				CLANG_WARN_QUOTED_INCLUDE_IN_FRAMEWORK_HEADER = YES;
				CLANG_WARN_RANGE_LOOP_ANALYSIS = YES;
				CLANG_WARN_STRICT_PROTOTYPES = YES;
				CLANG_WARN_SUSPICIOUS_MOVE = YES;
				CLANG_WARN_UNGUARDED_AVAILABILITY = YES_AGGRESSIVE;
				CLANG_WARN_UNREACHABLE_CODE = YES;
				CLANG_WARN__DUPLICATE_METHOD_MATCH = YES;
				COPY_PHASE_STRIP = NO;
				DEBUG_INFORMATION_FORMAT = dwarf;
				ENABLE_STRICT_OBJC_MSGSEND = YES;
				ENABLE_TESTABILITY = YES;
				GCC_C_LANGUAGE_STANDARD = gnu11;
				GCC_DYNAMIC_NO_PIC = NO;
				GCC_NO_COMMON_BLOCKS = YES;
				GCC_OPTIMIZATION_LEVEL = 0;
				GCC_PREPROCESSOR_DEFINITIONS = (
					"DEBUG=1",
					"$(inherited)",
				);
				GCC_WARN_64_TO_32_BIT_CONVERSION = YES;
				GCC_WARN_ABOUT_RETURN_TYPE = YES_ERROR;
				GCC_WARN_UNDECLARED_SELECTOR = YES;
				GCC_WARN_UNINITIALIZED_AUTOS = YES_AGGRESSIVE;
				GCC_WARN_UNUSED_FUNCTION = YES;
				GCC_WARN_UNUSED_VARIABLE = YES;
				IPHONEOS_DEPLOYMENT_TARGET = 14.5;
				MTL_ENABLE_DEBUG_INFO = INCLUDE_SOURCE;
				MTL_FAST_MATH = YES;
				ONLY_ACTIVE_ARCH = YES;
				SDKROOT = iphoneos;
			};
			name = Debug;
		};
		3C74FE582695544D00F4B67F /* Release */ = {
			isa = XCBuildConfiguration;
			buildSettings = {
				ALWAYS_SEARCH_USER_PATHS = NO;
				CLANG_ANALYZER_NONNULL = YES;
				CLANG_ANALYZER_NUMBER_OBJECT_CONVERSION = YES_AGGRESSIVE;
				CLANG_CXX_LANGUAGE_STANDARD = "gnu++14";
				CLANG_CXX_LIBRARY = "libc++";
				CLANG_ENABLE_MODULES = YES;
				CLANG_ENABLE_OBJC_ARC = YES;
				CLANG_ENABLE_OBJC_WEAK = YES;
				CLANG_WARN_BLOCK_CAPTURE_AUTORELEASING = YES;
				CLANG_WARN_BOOL_CONVERSION = YES;
				CLANG_WARN_COMMA = YES;
				CLANG_WARN_CONSTANT_CONVERSION = YES;
				CLANG_WARN_DEPRECATED_OBJC_IMPLEMENTATIONS = YES;
				CLANG_WARN_DIRECT_OBJC_ISA_USAGE = YES_ERROR;
				CLANG_WARN_DOCUMENTATION_COMMENTS = YES;
				CLANG_WARN_EMPTY_BODY = YES;
				CLANG_WARN_ENUM_CONVERSION = YES;
				CLANG_WARN_INFINITE_RECURSION = YES;
				CLANG_WARN_INT_CONVERSION = YES;
				CLANG_WARN_NON_LITERAL_NULL_CONVERSION = YES;
				CLANG_WARN_OBJC_IMPLICIT_RETAIN_SELF = YES;
				CLANG_WARN_OBJC_LITERAL_CONVERSION = YES;
				CLANG_WARN_OBJC_ROOT_CLASS = YES_ERROR;
				CLANG_WARN_QUOTED_INCLUDE_IN_FRAMEWORK_HEADER = YES;
				CLANG_WARN_RANGE_LOOP_ANALYSIS = YES;
				CLANG_WARN_STRICT_PROTOTYPES = YES;
				CLANG_WARN_SUSPICIOUS_MOVE = YES;
				CLANG_WARN_UNGUARDED_AVAILABILITY = YES_AGGRESSIVE;
				CLANG_WARN_UNREACHABLE_CODE = YES;
				CLANG_WARN__DUPLICATE_METHOD_MATCH = YES;
				COPY_PHASE_STRIP = NO;
				DEBUG_INFORMATION_FORMAT = "dwarf-with-dsym";
				ENABLE_NS_ASSERTIONS = NO;
				ENABLE_STRICT_OBJC_MSGSEND = YES;
				GCC_C_LANGUAGE_STANDARD = gnu11;
				GCC_NO_COMMON_BLOCKS = YES;
				GCC_WARN_64_TO_32_BIT_CONVERSION = YES;
				GCC_WARN_ABOUT_RETURN_TYPE = YES_ERROR;
				GCC_WARN_UNDECLARED_SELECTOR = YES;
				GCC_WARN_UNINITIALIZED_AUTOS = YES_AGGRESSIVE;
				GCC_WARN_UNUSED_FUNCTION = YES;
				GCC_WARN_UNUSED_VARIABLE = YES;
				IPHONEOS_DEPLOYMENT_TARGET = 14.5;
				MTL_ENABLE_DEBUG_INFO = NO;
				MTL_FAST_MATH = YES;
				SDKROOT = iphoneos;
				VALIDATE_PRODUCT = YES;
			};
			name = Release;
		};
		3C74FE5A2695544D00F4B67F /* Debug */ = {
			isa = XCBuildConfiguration;
			baseConfigurationReference = B55D3DF9A759617870D11D5D /* Pods-MyFirstObjectiveCApp.debug.xcconfig */;
			buildSettings = {
				ASSETCATALOG_COMPILER_APPICON_NAME = AppIcon;
				ASSETCATALOG_COMPILER_GLOBAL_ACCENT_COLOR_NAME = AccentColor;
				CODE_SIGN_ENTITLEMENTS = MyFirstObjectiveCApp/MyFirstObjectiveCApp.entitlements;
				CODE_SIGN_STYLE = Automatic;
				INFOPLIST_FILE = MyFirstObjectiveCApp/Info.plist;
				IPHONEOS_DEPLOYMENT_TARGET = 10.0;
				LD_RUNPATH_SEARCH_PATHS = (
					"$(inherited)",
					"@executable_path/Frameworks",
				);
				PRODUCT_BUNDLE_IDENTIFIER = site.nanli.MyFirstObjectiveCApp;
				PRODUCT_NAME = "$(TARGET_NAME)";
				TARGETED_DEVICE_FAMILY = "1,2";
			};
			name = Debug;
		};
		3C74FE5B2695544D00F4B67F /* Release */ = {
			isa = XCBuildConfiguration;
			baseConfigurationReference = BF5025F4C02032BF098B5132 /* Pods-MyFirstObjectiveCApp.release.xcconfig */;
			buildSettings = {
				ASSETCATALOG_COMPILER_APPICON_NAME = AppIcon;
				ASSETCATALOG_COMPILER_GLOBAL_ACCENT_COLOR_NAME = AccentColor;
				CODE_SIGN_ENTITLEMENTS = MyFirstObjectiveCApp/MyFirstObjectiveCApp.entitlements;
				CODE_SIGN_STYLE = Automatic;
				INFOPLIST_FILE = MyFirstObjectiveCApp/Info.plist;
				IPHONEOS_DEPLOYMENT_TARGET = 10.0;
				LD_RUNPATH_SEARCH_PATHS = (
					"$(inherited)",
					"@executable_path/Frameworks",
				);
				PRODUCT_BUNDLE_IDENTIFIER = site.nanli.MyFirstObjectiveCApp;
				PRODUCT_NAME = "$(TARGET_NAME)";
				TARGETED_DEVICE_FAMILY = "1,2";
			};
			name = Release;
		};
/* End XCBuildConfiguration section */

/* Begin XCConfigurationList section */
		3C3E8E9F27B45BE900BA5E0F /* Build configuration list for PBXNativeTarget "OneSignalNotificationServiceExtension" */ = {
			isa = XCConfigurationList;
			buildConfigurations = (
				3C3E8E9D27B45BE900BA5E0F /* Debug */,
				3C3E8E9E27B45BE900BA5E0F /* Release */,
			);
			defaultConfigurationIsVisible = 0;
			defaultConfigurationName = Release;
		};
		3C74FE3B2695544B00F4B67F /* Build configuration list for PBXProject "MyFirstObjectiveCApp" */ = {
			isa = XCConfigurationList;
			buildConfigurations = (
				3C74FE572695544D00F4B67F /* Debug */,
				3C74FE582695544D00F4B67F /* Release */,
			);
			defaultConfigurationIsVisible = 0;
			defaultConfigurationName = Release;
		};
		3C74FE592695544D00F4B67F /* Build configuration list for PBXNativeTarget "MyFirstObjectiveCApp" */ = {
			isa = XCConfigurationList;
			buildConfigurations = (
				3C74FE5A2695544D00F4B67F /* Debug */,
				3C74FE5B2695544D00F4B67F /* Release */,
			);
			defaultConfigurationIsVisible = 0;
			defaultConfigurationName = Release;
		};
/* End XCConfigurationList section */
	};
	rootObject = 3C74FE382695544B00F4B67F /* Project object */;
}
